// !$*UTF8*$!
{
	archiveVersion = 1;
	classes = {
	};
	objectVersion = 46;
	objects = {

/* Begin PBXBuildFile section */
		807BD9301CBBB63B000AF7DF /* AppDelegate.swift in Sources */ = {isa = PBXBuildFile; fileRef = 807BD92F1CBBB63B000AF7DF /* AppDelegate.swift */; };
		807BD9321CBBB63B000AF7DF /* ViewController.swift in Sources */ = {isa = PBXBuildFile; fileRef = 807BD9311CBBB63B000AF7DF /* ViewController.swift */; };
		807BD9351CBBB63B000AF7DF /* Main.storyboard in Resources */ = {isa = PBXBuildFile; fileRef = 807BD9331CBBB63B000AF7DF /* Main.storyboard */; };
		807BD9371CBBB63B000AF7DF /* Assets.xcassets in Resources */ = {isa = PBXBuildFile; fileRef = 807BD9361CBBB63B000AF7DF /* Assets.xcassets */; };
		807BD93A1CBBB63B000AF7DF /* LaunchScreen.storyboard in Resources */ = {isa = PBXBuildFile; fileRef = 807BD9381CBBB63B000AF7DF /* LaunchScreen.storyboard */; };
		807BD9481CBBB6C3000AF7DF /* BaiduMapAPI_Base.framework in Frameworks */ = {isa = PBXBuildFile; fileRef = 807BD9411CBBB6C3000AF7DF /* BaiduMapAPI_Base.framework */; };
		807BD9491CBBB6C3000AF7DF /* BaiduMapAPI_Cloud.framework in Frameworks */ = {isa = PBXBuildFile; fileRef = 807BD9421CBBB6C3000AF7DF /* BaiduMapAPI_Cloud.framework */; };
		807BD94A1CBBB6C3000AF7DF /* BaiduMapAPI_Location.framework in Frameworks */ = {isa = PBXBuildFile; fileRef = 807BD9431CBBB6C3000AF7DF /* BaiduMapAPI_Location.framework */; };
		807BD94B1CBBB6C3000AF7DF /* BaiduMapAPI_Map.framework in Frameworks */ = {isa = PBXBuildFile; fileRef = 807BD9441CBBB6C3000AF7DF /* BaiduMapAPI_Map.framework */; };
		807BD94C1CBBB6C3000AF7DF /* BaiduMapAPI_Radar.framework in Frameworks */ = {isa = PBXBuildFile; fileRef = 807BD9451CBBB6C3000AF7DF /* BaiduMapAPI_Radar.framework */; };
		807BD94D1CBBB6C3000AF7DF /* BaiduMapAPI_Search.framework in Frameworks */ = {isa = PBXBuildFile; fileRef = 807BD9461CBBB6C3000AF7DF /* BaiduMapAPI_Search.framework */; };
		807BD94E1CBBB6C3000AF7DF /* BaiduMapAPI_Utils.framework in Frameworks */ = {isa = PBXBuildFile; fileRef = 807BD9471CBBB6C3000AF7DF /* BaiduMapAPI_Utils.framework */; };
		807BD9521CBBB7D0000AF7DF /* bridge.mm in Sources */ = {isa = PBXBuildFile; fileRef = 807BD9511CBBB7D0000AF7DF /* bridge.mm */; };
		807BD9541CBBB807000AF7DF /* CoreLocation.framework in Frameworks */ = {isa = PBXBuildFile; fileRef = 807BD9531CBBB807000AF7DF /* CoreLocation.framework */; };
		807BD9561CBBB80F000AF7DF /* QuartzCore.framework in Frameworks */ = {isa = PBXBuildFile; fileRef = 807BD9551CBBB80F000AF7DF /* QuartzCore.framework */; };
		807BD9581CBBB816000AF7DF /* OpenGLES.framework in Frameworks */ = {isa = PBXBuildFile; fileRef = 807BD9571CBBB816000AF7DF /* OpenGLES.framework */; };
		807BD95A1CBBB81C000AF7DF /* SystemConfiguration.framework in Frameworks */ = {isa = PBXBuildFile; fileRef = 807BD9591CBBB81C000AF7DF /* SystemConfiguration.framework */; };
		807BD95C1CBBB823000AF7DF /* CoreGraphics.framework in Frameworks */ = {isa = PBXBuildFile; fileRef = 807BD95B1CBBB823000AF7DF /* CoreGraphics.framework */; };
		807BD95E1CBBB829000AF7DF /* Security.framework in Frameworks */ = {isa = PBXBuildFile; fileRef = 807BD95D1CBBB829000AF7DF /* Security.framework */; };
		807BD9601CBBB82F000AF7DF /* libsqlite3.0.tbd in Frameworks */ = {isa = PBXBuildFile; fileRef = 807BD95F1CBBB82F000AF7DF /* libsqlite3.0.tbd */; };
		807BD9621CBBB836000AF7DF /* CoreTelephony.framework in Frameworks */ = {isa = PBXBuildFile; fileRef = 807BD9611CBBB836000AF7DF /* CoreTelephony.framework */; };
		807BD9641CBBB83C000AF7DF /* libstdc++.6.0.9.tbd in Frameworks */ = {isa = PBXBuildFile; fileRef = 807BD9631CBBB83C000AF7DF /* libstdc++.6.0.9.tbd */; };
		807BD9661CBBB880000AF7DF /* mapapi.bundle in Resources */ = {isa = PBXBuildFile; fileRef = 807BD9651CBBB880000AF7DF /* mapapi.bundle */; };
		807BD96C1CBBBCD2000AF7DF /* 1.png in Resources */ = {isa = PBXBuildFile; fileRef = 807BD9691CBBBCD2000AF7DF /* 1.png */; };
		807BD96D1CBBBCD2000AF7DF /* car_on.png in Resources */ = {isa = PBXBuildFile; fileRef = 807BD96A1CBBBCD2000AF7DF /* car_on.png */; };
		807BD96E1CBBBCD2000AF7DF /* icon.png in Resources */ = {isa = PBXBuildFile; fileRef = 807BD96B1CBBBCD2000AF7DF /* icon.png */; };
		807BD9701CBBEEEE000AF7DF /* ImgAnnotation.swift in Sources */ = {isa = PBXBuildFile; fileRef = 807BD96F1CBBEEEE000AF7DF /* ImgAnnotation.swift */; };
/* End PBXBuildFile section */

/* Begin PBXFileReference section */
		807BD92C1CBBB63B000AF7DF /* CLZX.app */ = {isa = PBXFileReference; explicitFileType = wrapper.application; includeInIndex = 0; path = CLZX.app; sourceTree = BUILT_PRODUCTS_DIR; };
		807BD92F1CBBB63B000AF7DF /* AppDelegate.swift */ = {isa = PBXFileReference; lastKnownFileType = sourcecode.swift; path = AppDelegate.swift; sourceTree = "<group>"; };
		807BD9311CBBB63B000AF7DF /* ViewController.swift */ = {isa = PBXFileReference; lastKnownFileType = sourcecode.swift; path = ViewController.swift; sourceTree = "<group>"; };
		807BD9341CBBB63B000AF7DF /* Base */ = {isa = PBXFileReference; lastKnownFileType = file.storyboard; name = Base; path = Base.lproj/Main.storyboard; sourceTree = "<group>"; };
		807BD9361CBBB63B000AF7DF /* Assets.xcassets */ = {isa = PBXFileReference; lastKnownFileType = folder.assetcatalog; path = Assets.xcassets; sourceTree = "<group>"; };
		807BD9391CBBB63B000AF7DF /* Base */ = {isa = PBXFileReference; lastKnownFileType = file.storyboard; name = Base; path = Base.lproj/LaunchScreen.storyboard; sourceTree = "<group>"; };
		807BD93B1CBBB63B000AF7DF /* Info.plist */ = {isa = PBXFileReference; lastKnownFileType = text.plist.xml; path = Info.plist; sourceTree = "<group>"; };
		807BD9411CBBB6C3000AF7DF /* BaiduMapAPI_Base.framework */ = {isa = PBXFileReference; lastKnownFileType = wrapper.framework; name = BaiduMapAPI_Base.framework; path = BaiduMap/BaiduMapAPI_Base.framework; sourceTree = "<group>"; };
		807BD9421CBBB6C3000AF7DF /* BaiduMapAPI_Cloud.framework */ = {isa = PBXFileReference; lastKnownFileType = wrapper.framework; name = BaiduMapAPI_Cloud.framework; path = BaiduMap/BaiduMapAPI_Cloud.framework; sourceTree = "<group>"; };
		807BD9431CBBB6C3000AF7DF /* BaiduMapAPI_Location.framework */ = {isa = PBXFileReference; lastKnownFileType = wrapper.framework; name = BaiduMapAPI_Location.framework; path = BaiduMap/BaiduMapAPI_Location.framework; sourceTree = "<group>"; };
		807BD9441CBBB6C3000AF7DF /* BaiduMapAPI_Map.framework */ = {isa = PBXFileReference; lastKnownFileType = wrapper.framework; name = BaiduMapAPI_Map.framework; path = BaiduMap/BaiduMapAPI_Map.framework; sourceTree = "<group>"; };
		807BD9451CBBB6C3000AF7DF /* BaiduMapAPI_Radar.framework */ = {isa = PBXFileReference; lastKnownFileType = wrapper.framework; name = BaiduMapAPI_Radar.framework; path = BaiduMap/BaiduMapAPI_Radar.framework; sourceTree = "<group>"; };
		807BD9461CBBB6C3000AF7DF /* BaiduMapAPI_Search.framework */ = {isa = PBXFileReference; lastKnownFileType = wrapper.framework; name = BaiduMapAPI_Search.framework; path = BaiduMap/BaiduMapAPI_Search.framework; sourceTree = "<group>"; };
		807BD9471CBBB6C3000AF7DF /* BaiduMapAPI_Utils.framework */ = {isa = PBXFileReference; lastKnownFileType = wrapper.framework; name = BaiduMapAPI_Utils.framework; path = BaiduMap/BaiduMapAPI_Utils.framework; sourceTree = "<group>"; };
		807BD9501CBBB7CF000AF7DF /* CLZX-Bridging-Header.h */ = {isa = PBXFileReference; lastKnownFileType = sourcecode.c.h; path = "CLZX-Bridging-Header.h"; sourceTree = "<group>"; };
		807BD9511CBBB7D0000AF7DF /* bridge.mm */ = {isa = PBXFileReference; fileEncoding = 4; lastKnownFileType = sourcecode.cpp.objcpp; path = bridge.mm; sourceTree = "<group>"; };
		807BD9531CBBB807000AF7DF /* CoreLocation.framework */ = {isa = PBXFileReference; lastKnownFileType = wrapper.framework; name = CoreLocation.framework; path = System/Library/Frameworks/CoreLocation.framework; sourceTree = SDKROOT; };
		807BD9551CBBB80F000AF7DF /* QuartzCore.framework */ = {isa = PBXFileReference; lastKnownFileType = wrapper.framework; name = QuartzCore.framework; path = System/Library/Frameworks/QuartzCore.framework; sourceTree = SDKROOT; };
		807BD9571CBBB816000AF7DF /* OpenGLES.framework */ = {isa = PBXFileReference; lastKnownFileType = wrapper.framework; name = OpenGLES.framework; path = System/Library/Frameworks/OpenGLES.framework; sourceTree = SDKROOT; };
		807BD9591CBBB81C000AF7DF /* SystemConfiguration.framework */ = {isa = PBXFileReference; lastKnownFileType = wrapper.framework; name = SystemConfiguration.framework; path = System/Library/Frameworks/SystemConfiguration.framework; sourceTree = SDKROOT; };
		807BD95B1CBBB823000AF7DF /* CoreGraphics.framework */ = {isa = PBXFileReference; lastKnownFileType = wrapper.framework; name = CoreGraphics.framework; path = System/Library/Frameworks/CoreGraphics.framework; sourceTree = SDKROOT; };
		807BD95D1CBBB829000AF7DF /* Security.framework */ = {isa = PBXFileReference; lastKnownFileType = wrapper.framework; name = Security.framework; path = System/Library/Frameworks/Security.framework; sourceTree = SDKROOT; };
		807BD95F1CBBB82F000AF7DF /* libsqlite3.0.tbd */ = {isa = PBXFileReference; lastKnownFileType = "sourcecode.text-based-dylib-definition"; name = libsqlite3.0.tbd; path = usr/lib/libsqlite3.0.tbd; sourceTree = SDKROOT; };
		807BD9611CBBB836000AF7DF /* CoreTelephony.framework */ = {isa = PBXFileReference; lastKnownFileType = wrapper.framework; name = CoreTelephony.framework; path = System/Library/Frameworks/CoreTelephony.framework; sourceTree = SDKROOT; };
		807BD9631CBBB83C000AF7DF /* libstdc++.6.0.9.tbd */ = {isa = PBXFileReference; lastKnownFileType = "sourcecode.text-based-dylib-definition"; name = "libstdc++.6.0.9.tbd"; path = "usr/lib/libstdc++.6.0.9.tbd"; sourceTree = SDKROOT; };
		807BD9651CBBB880000AF7DF /* mapapi.bundle */ = {isa = PBXFileReference; lastKnownFileType = "wrapper.plug-in"; name = mapapi.bundle; path = BaiduMap/BaiduMapAPI_Map.framework/Resources/mapapi.bundle; sourceTree = "<group>"; };
		807BD9691CBBBCD2000AF7DF /* 1.png */ = {isa = PBXFileReference; lastKnownFileType = image.png; name = 1.png; path = Images/1.png; sourceTree = "<group>"; };
		807BD96A1CBBBCD2000AF7DF /* car_on.png */ = {isa = PBXFileReference; lastKnownFileType = image.png; name = car_on.png; path = Images/car_on.png; sourceTree = "<group>"; };
		807BD96B1CBBBCD2000AF7DF /* icon.png */ = {isa = PBXFileReference; lastKnownFileType = image.png; name = icon.png; path = Images/icon.png; sourceTree = "<group>"; };
		807BD96F1CBBEEEE000AF7DF /* ImgAnnotation.swift */ = {isa = PBXFileReference; fileEncoding = 4; lastKnownFileType = sourcecode.swift; path = ImgAnnotation.swift; sourceTree = "<group>"; };
/* End PBXFileReference section */

/* Begin PBXFrameworksBuildPhase section */
		807BD9291CBBB63B000AF7DF /* Frameworks */ = {
			isa = PBXFrameworksBuildPhase;
			buildActionMask = 2147483647;
			files = (
				807BD9641CBBB83C000AF7DF /* libstdc++.6.0.9.tbd in Frameworks */,
				807BD9621CBBB836000AF7DF /* CoreTelephony.framework in Frameworks */,
				807BD9601CBBB82F000AF7DF /* libsqlite3.0.tbd in Frameworks */,
				807BD95E1CBBB829000AF7DF /* Security.framework in Frameworks */,
				807BD95C1CBBB823000AF7DF /* CoreGraphics.framework in Frameworks */,
				807BD95A1CBBB81C000AF7DF /* SystemConfiguration.framework in Frameworks */,
				807BD9581CBBB816000AF7DF /* OpenGLES.framework in Frameworks */,
				807BD9561CBBB80F000AF7DF /* QuartzCore.framework in Frameworks */,
				807BD9541CBBB807000AF7DF /* CoreLocation.framework in Frameworks */,
				807BD9491CBBB6C3000AF7DF /* BaiduMapAPI_Cloud.framework in Frameworks */,
				807BD94A1CBBB6C3000AF7DF /* BaiduMapAPI_Location.framework in Frameworks */,
				807BD94D1CBBB6C3000AF7DF /* BaiduMapAPI_Search.framework in Frameworks */,
				807BD94C1CBBB6C3000AF7DF /* BaiduMapAPI_Radar.framework in Frameworks */,
				807BD9481CBBB6C3000AF7DF /* BaiduMapAPI_Base.framework in Frameworks */,
				807BD94B1CBBB6C3000AF7DF /* BaiduMapAPI_Map.framework in Frameworks */,
				807BD94E1CBBB6C3000AF7DF /* BaiduMapAPI_Utils.framework in Frameworks */,
			);
			runOnlyForDeploymentPostprocessing = 0;
		};
/* End PBXFrameworksBuildPhase section */

/* Begin PBXGroup section */
		807BD9231CBBB63B000AF7DF = {
			isa = PBXGroup;
			children = (
				807BD9681CBBBCC0000AF7DF /* imgs */,
				807BD9671CBBB886000AF7DF /* FrameWork */,
				807BD94F1CBBB6D4000AF7DF /* BaiduApi */,
				807BD92E1CBBB63B000AF7DF /* CLZX */,
				807BD92D1CBBB63B000AF7DF /* Products */,
			);
			sourceTree = "<group>";
		};
		807BD92D1CBBB63B000AF7DF /* Products */ = {
			isa = PBXGroup;
			children = (
				807BD92C1CBBB63B000AF7DF /* CLZX.app */,
			);
			name = Products;
			sourceTree = "<group>";
		};
		807BD92E1CBBB63B000AF7DF /* CLZX */ = {
			isa = PBXGroup;
			children = (
				807BD92F1CBBB63B000AF7DF /* AppDelegate.swift */,
				807BD9311CBBB63B000AF7DF /* ViewController.swift */,
				807BD9331CBBB63B000AF7DF /* Main.storyboard */,
				807BD9361CBBB63B000AF7DF /* Assets.xcassets */,
				807BD9381CBBB63B000AF7DF /* LaunchScreen.storyboard */,
				807BD93B1CBBB63B000AF7DF /* Info.plist */,
				807BD9511CBBB7D0000AF7DF /* bridge.mm */,
				807BD9501CBBB7CF000AF7DF /* CLZX-Bridging-Header.h */,
				807BD96F1CBBEEEE000AF7DF /* ImgAnnotation.swift */,
			);
			path = CLZX;
			sourceTree = "<group>";
		};
		807BD94F1CBBB6D4000AF7DF /* BaiduApi */ = {
			isa = PBXGroup;
			children = (
				807BD9411CBBB6C3000AF7DF /* BaiduMapAPI_Base.framework */,
				807BD9421CBBB6C3000AF7DF /* BaiduMapAPI_Cloud.framework */,
				807BD9431CBBB6C3000AF7DF /* BaiduMapAPI_Location.framework */,
				807BD9441CBBB6C3000AF7DF /* BaiduMapAPI_Map.framework */,
				807BD9451CBBB6C3000AF7DF /* BaiduMapAPI_Radar.framework */,
				807BD9461CBBB6C3000AF7DF /* BaiduMapAPI_Search.framework */,
				807BD9471CBBB6C3000AF7DF /* BaiduMapAPI_Utils.framework */,
			);
			name = BaiduApi;
			sourceTree = "<group>";
		};
		807BD9671CBBB886000AF7DF /* FrameWork */ = {
			isa = PBXGroup;
			children = (
				807BD9651CBBB880000AF7DF /* mapapi.bundle */,
				807BD9631CBBB83C000AF7DF /* libstdc++.6.0.9.tbd */,
				807BD9611CBBB836000AF7DF /* CoreTelephony.framework */,
				807BD95F1CBBB82F000AF7DF /* libsqlite3.0.tbd */,
				807BD95D1CBBB829000AF7DF /* Security.framework */,
				807BD95B1CBBB823000AF7DF /* CoreGraphics.framework */,
				807BD9591CBBB81C000AF7DF /* SystemConfiguration.framework */,
				807BD9571CBBB816000AF7DF /* OpenGLES.framework */,
				807BD9551CBBB80F000AF7DF /* QuartzCore.framework */,
				807BD9531CBBB807000AF7DF /* CoreLocation.framework */,
			);
			name = FrameWork;
			sourceTree = "<group>";
		};
		807BD9681CBBBCC0000AF7DF /* imgs */ = {
			isa = PBXGroup;
			children = (
				807BD9691CBBBCD2000AF7DF /* 1.png */,
				807BD96A1CBBBCD2000AF7DF /* car_on.png */,
				807BD96B1CBBBCD2000AF7DF /* icon.png */,
			);
			name = imgs;
			sourceTree = "<group>";
		};
/* End PBXGroup section */

/* Begin PBXNativeTarget section */
		807BD92B1CBBB63B000AF7DF /* CLZX */ = {
			isa = PBXNativeTarget;
			buildConfigurationList = 807BD93E1CBBB63B000AF7DF /* Build configuration list for PBXNativeTarget "CLZX" */;
			buildPhases = (
				807BD9281CBBB63B000AF7DF /* Sources */,
				807BD9291CBBB63B000AF7DF /* Frameworks */,
				807BD92A1CBBB63B000AF7DF /* Resources */,
			);
			buildRules = (
			);
			dependencies = (
			);
			name = CLZX;
			productName = CLZX;
			productReference = 807BD92C1CBBB63B000AF7DF /* CLZX.app */;
			productType = "com.apple.product-type.application";
		};
/* End PBXNativeTarget section */

/* Begin PBXProject section */
		807BD9241CBBB63B000AF7DF /* Project object */ = {
			isa = PBXProject;
			attributes = {
				LastSwiftUpdateCheck = 0730;
				LastUpgradeCheck = 0730;
				ORGANIZATIONNAME = CXY;
				TargetAttributes = {
					807BD92B1CBBB63B000AF7DF = {
						CreatedOnToolsVersion = 7.3;
						DevelopmentTeam = R6YUTVB787;
					};
				};
			};
			buildConfigurationList = 807BD9271CBBB63B000AF7DF /* Build configuration list for PBXProject "CLZX" */;
			compatibilityVersion = "Xcode 3.2";
			developmentRegion = English;
			hasScannedForEncodings = 0;
			knownRegions = (
				en,
				Base,
			);
			mainGroup = 807BD9231CBBB63B000AF7DF;
			productRefGroup = 807BD92D1CBBB63B000AF7DF /* Products */;
			projectDirPath = "";
			projectRoot = "";
			targets = (
				807BD92B1CBBB63B000AF7DF /* CLZX */,
			);
		};
/* End PBXProject section */

/* Begin PBXResourcesBuildPhase section */
		807BD92A1CBBB63B000AF7DF /* Resources */ = {
			isa = PBXResourcesBuildPhase;
			buildActionMask = 2147483647;
			files = (
				807BD93A1CBBB63B000AF7DF /* LaunchScreen.storyboard in Resources */,
				807BD96E1CBBBCD2000AF7DF /* icon.png in Resources */,
				807BD9661CBBB880000AF7DF /* mapapi.bundle in Resources */,
				807BD9371CBBB63B000AF7DF /* Assets.xcassets in Resources */,
				807BD9351CBBB63B000AF7DF /* Main.storyboard in Resources */,
				807BD96C1CBBBCD2000AF7DF /* 1.png in Resources */,
				807BD96D1CBBBCD2000AF7DF /* car_on.png in Resources */,
			);
			runOnlyForDeploymentPostprocessing = 0;
		};
/* End PBXResourcesBuildPhase section */

/* Begin PBXSourcesBuildPhase section */
		807BD9281CBBB63B000AF7DF /* Sources */ = {
			isa = PBXSourcesBuildPhase;
			buildActionMask = 2147483647;
			files = (
				807BD9521CBBB7D0000AF7DF /* bridge.mm in Sources */,
				807BD9321CBBB63B000AF7DF /* ViewController.swift in Sources */,
				807BD9701CBBEEEE000AF7DF /* ImgAnnotation.swift in Sources */,
				807BD9301CBBB63B000AF7DF /* AppDelegate.swift in Sources */,
			);
			runOnlyForDeploymentPostprocessing = 0;
		};
/* End PBXSourcesBuildPhase section */

/* Begin PBXVariantGroup section */
		807BD9331CBBB63B000AF7DF /* Main.storyboard */ = {
			isa = PBXVariantGroup;
			children = (
				807BD9341CBBB63B000AF7DF /* Base */,
			);
			name = Main.storyboard;
			sourceTree = "<group>";
		};
		807BD9381CBBB63B000AF7DF /* LaunchScreen.storyboard */ = {
			isa = PBXVariantGroup;
			children = (
				807BD9391CBBB63B000AF7DF /* Base */,
			);
			name = LaunchScreen.storyboard;
			sourceTree = "<group>";
		};
/* End PBXVariantGroup section */

/* Begin XCBuildConfiguration section */
		807BD93C1CBBB63B000AF7DF /* Debug */ = {
			isa = XCBuildConfiguration;
			buildSettings = {
				ALWAYS_SEARCH_USER_PATHS = NO;
				CLANG_ANALYZER_NONNULL = YES;
				CLANG_CXX_LANGUAGE_STANDARD = "gnu++0x";
				CLANG_CXX_LIBRARY = "libc++";
				CLANG_ENABLE_MODULES = YES;
				CLANG_ENABLE_OBJC_ARC = YES;
				CLANG_WARN_BOOL_CONVERSION = YES;
				CLANG_WARN_CONSTANT_CONVERSION = YES;
				CLANG_WARN_DIRECT_OBJC_ISA_USAGE = YES_ERROR;
				CLANG_WARN_EMPTY_BODY = YES;
				CLANG_WARN_ENUM_CONVERSION = YES;
				CLANG_WARN_INT_CONVERSION = YES;
				CLANG_WARN_OBJC_ROOT_CLASS = YES_ERROR;
				CLANG_WARN_UNREACHABLE_CODE = YES;
				CLANG_WARN__DUPLICATE_METHOD_MATCH = YES;
				"CODE_SIGN_IDENTITY[sdk=iphoneos*]" = "iPhone Developer";
				COPY_PHASE_STRIP = NO;
				DEBUG_INFORMATION_FORMAT = dwarf;
				ENABLE_STRICT_OBJC_MSGSEND = YES;
				ENABLE_TESTABILITY = YES;
				GCC_C_LANGUAGE_STANDARD = gnu99;
				GCC_DYNAMIC_NO_PIC = NO;
				GCC_NO_COMMON_BLOCKS = YES;
				GCC_OPTIMIZATION_LEVEL = 0;
				GCC_PREPROCESSOR_DEFINITIONS = (
					"DEBUG=1",
					"$(inherited)",
				);
				GCC_WARN_64_TO_32_BIT_CONVERSION = YES;
				GCC_WARN_ABOUT_RETURN_TYPE = YES_ERROR;
				GCC_WARN_UNDECLARED_SELECTOR = YES;
				GCC_WARN_UNINITIALIZED_AUTOS = YES_AGGRESSIVE;
				GCC_WARN_UNUSED_FUNCTION = YES;
				GCC_WARN_UNUSED_VARIABLE = YES;
				IPHONEOS_DEPLOYMENT_TARGET = 9.3;
				MTL_ENABLE_DEBUG_INFO = YES;
				ONLY_ACTIVE_ARCH = YES;
				OTHER_LDFLAGS = "-ObjC";
				SDKROOT = iphoneos;
				SWIFT_OPTIMIZATION_LEVEL = "-Onone";
			};
			name = Debug;
		};
		807BD93D1CBBB63B000AF7DF /* Release */ = {
			isa = XCBuildConfiguration;
			buildSettings = {
				ALWAYS_SEARCH_USER_PATHS = NO;
				CLANG_ANALYZER_NONNULL = YES;
				CLANG_CXX_LANGUAGE_STANDARD = "gnu++0x";
				CLANG_CXX_LIBRARY = "libc++";
				CLANG_ENABLE_MODULES = YES;
				CLANG_ENABLE_OBJC_ARC = YES;
				CLANG_WARN_BOOL_CONVERSION = YES;
				CLANG_WARN_CONSTANT_CONVERSION = YES;
				CLANG_WARN_DIRECT_OBJC_ISA_USAGE = YES_ERROR;
				CLANG_WARN_EMPTY_BODY = YES;
				CLANG_WARN_ENUM_CONVERSION = YES;
				CLANG_WARN_INT_CONVERSION = YES;
				CLANG_WARN_OBJC_ROOT_CLASS = YES_ERROR;
				CLANG_WARN_UNREACHABLE_CODE = YES;
				CLANG_WARN__DUPLICATE_METHOD_MATCH = YES;
				"CODE_SIGN_IDENTITY[sdk=iphoneos*]" = "iPhone Developer";
				COPY_PHASE_STRIP = NO;
				DEBUG_INFORMATION_FORMAT = "dwarf-with-dsym";
				ENABLE_NS_ASSERTIONS = NO;
				ENABLE_STRICT_OBJC_MSGSEND = YES;
				GCC_C_LANGUAGE_STANDARD = gnu99;
				GCC_NO_COMMON_BLOCKS = YES;
				GCC_WARN_64_TO_32_BIT_CONVERSION = YES;
				GCC_WARN_ABOUT_RETURN_TYPE = YES_ERROR;
				GCC_WARN_UNDECLARED_SELECTOR = YES;
				GCC_WARN_UNINITIALIZED_AUTOS = YES_AGGRESSIVE;
				GCC_WARN_UNUSED_FUNCTION = YES;
				GCC_WARN_UNUSED_VARIABLE = YES;
				IPHONEOS_DEPLOYMENT_TARGET = 9.3;
				MTL_ENABLE_DEBUG_INFO = NO;
				OTHER_LDFLAGS = "-ObjC";
				SDKROOT = iphoneos;
				VALIDATE_PRODUCT = YES;
			};
			name = Release;
		};
		807BD93F1CBBB63B000AF7DF /* Debug */ = {
			isa = XCBuildConfiguration;
			buildSettings = {
				ASSETCATALOG_COMPILER_APPICON_NAME = AppIcon;
				CLANG_ENABLE_MODULES = YES;
				FRAMEWORK_SEARCH_PATHS = (
					"$(inherited)",
					"$(PROJECT_DIR)/BaiduMap",
				);
				INFOPLIST_FILE = CLZX/Info.plist;
				LD_RUNPATH_SEARCH_PATHS = "$(inherited) @executable_path/Frameworks";
				PRODUCT_BUNDLE_IDENTIFIER = cxy.CLZX;
				PRODUCT_NAME = "$(TARGET_NAME)";
				SWIFT_OBJC_BRIDGING_HEADER = "CLZX/CLZX-Bridging-Header.h";
				SWIFT_OPTIMIZATION_LEVEL = "-Onone";
			};
			name = Debug;
		};
		807BD9401CBBB63B000AF7DF /* Release */ = {
			isa = XCBuildConfiguration;
			buildSettings = {
				ASSETCATALOG_COMPILER_APPICON_NAME = AppIcon;
				CLANG_ENABLE_MODULES = YES;
				FRAMEWORK_SEARCH_PATHS = (
					"$(inherited)",
					"$(PROJECT_DIR)/BaiduMap",
				);
				INFOPLIST_FILE = CLZX/Info.plist;
				LD_RUNPATH_SEARCH_PATHS = "$(inherited) @executable_path/Frameworks";
				PRODUCT_BUNDLE_IDENTIFIER = cxy.CLZX;
				PRODUCT_NAME = "$(TARGET_NAME)";
				SWIFT_OBJC_BRIDGING_HEADER = "CLZX/CLZX-Bridging-Header.h";
			};
			name = Release;
		};
/* End XCBuildConfiguration section */

/* Begin XCConfigurationList section */
		807BD9271CBBB63B000AF7DF /* Build configuration list for PBXProject "CLZX" */ = {
			isa = XCConfigurationList;
			buildConfigurations = (
				807BD93C1CBBB63B000AF7DF /* Debug */,
				807BD93D1CBBB63B000AF7DF /* Release */,
			);
			defaultConfigurationIsVisible = 0;
			defaultConfigurationName = Release;
		};
		807BD93E1CBBB63B000AF7DF /* Build configuration list for PBXNativeTarget "CLZX" */ = {
			isa = XCConfigurationList;
			buildConfigurations = (
				807BD93F1CBBB63B000AF7DF /* Debug */,
				807BD9401CBBB63B000AF7DF /* Release */,
			);
			defaultConfigurationIsVisible = 0;
		};
/* End XCConfigurationList section */
	};
	rootObject = 807BD9241CBBB63B000AF7DF /* Project object */;
}
